
Microsoft Visual Studio Solution File, Format Version 12.00
# Visual Studio Version 17
VisualStudioVersion = 17.11.35222.181
MinimumVisualStudioVersion = 10.0.40219.1
Project("{9A19103F-16F7-4668-BE54-9A1E7A4F7556}") = "POC.Kafka", "src\POC.Kafka\POC.Kafka.csproj", "{235AAFB2-4897-48FE-8064-07AB3017F9A5}"
EndProject
Global
	GlobalSection(SolutionConfigurationPlatforms) = preSolution
		Debug|Any CPU = Debug|Any CPU
		Release|Any CPU = Release|Any CPU
	EndGlobalSection
	GlobalSection(ProjectConfigurationPlatforms) = postSolution
		{235AAFB2-4897-48FE-8064-07AB3017F9A5}.Debug|Any CPU.ActiveCfg = Debug|Any CPU
		{235AAFB2-4897-48FE-8064-07AB3017F9A5}.Debug|Any CPU.Build.0 = Debug|Any CPU
		{235AAFB2-4897-48FE-8064-07AB3017F9A5}.Release|Any CPU.ActiveCfg = Release|Any CPU
		{235AAFB2-4897-48FE-8064-07AB3017F9A5}.Release|Any CPU.Build.0 = Release|Any CPU
	EndGlobalSection
	GlobalSection(SolutionProperties) = preSolution
		HideSolutionNode = FALSE
	EndGlobalSection
	GlobalSection(ExtensibilityGlobals) = postSolution
		SolutionGuid = {1B590A07-4550-4596-B106-05F2D4E3E838}
	EndGlobalSection
EndGlobal
